// !$*UTF8*$!
{
	archiveVersion = 1;
	classes = {
	};
	objectVersion = 46;
	objects = {

/* Begin PBXBuildFile section */
		1826F1CE1F84B7D3006EA496 /* AppDelegate.swift in Sources */ = {isa = PBXBuildFile; fileRef = 1826F1CD1F84B7D3006EA496 /* AppDelegate.swift */; };
		1826F1D01F84B7D3006EA496 /* ViewController.swift in Sources */ = {isa = PBXBuildFile; fileRef = 1826F1CF1F84B7D3006EA496 /* ViewController.swift */; };
		1826F1D31F84B7D3006EA496 /* Main.storyboard in Resources */ = {isa = PBXBuildFile; fileRef = 1826F1D11F84B7D3006EA496 /* Main.storyboard */; };
		1826F1D51F84B7D3006EA496 /* Assets.xcassets in Resources */ = {isa = PBXBuildFile; fileRef = 1826F1D41F84B7D3006EA496 /* Assets.xcassets */; };
		1826F1D81F84B7D3006EA496 /* LaunchScreen.storyboard in Resources */ = {isa = PBXBuildFile; fileRef = 1826F1D61F84B7D3006EA496 /* LaunchScreen.storyboard */; };
		1826F1E31F84B7D3006EA496 /* focusCountDownTests.swift in Sources */ = {isa = PBXBuildFile; fileRef = 1826F1E21F84B7D3006EA496 /* focusCountDownTests.swift */; };
		1826F1EE1F84B7D3006EA496 /* focusCountDownUITests.swift in Sources */ = {isa = PBXBuildFile; fileRef = 1826F1ED1F84B7D3006EA496 /* focusCountDownUITests.swift */; };
/* End PBXBuildFile section */

/* Begin PBXContainerItemProxy section */
		1826F1DF1F84B7D3006EA496 /* PBXContainerItemProxy */ = {
			isa = PBXContainerItemProxy;
			containerPortal = 1826F1C21F84B7D3006EA496 /* Project object */;
			proxyType = 1;
			remoteGlobalIDString = 1826F1C91F84B7D3006EA496;
			remoteInfo = focusCountDown;
		};
		1826F1EA1F84B7D3006EA496 /* PBXContainerItemProxy */ = {
			isa = PBXContainerItemProxy;
			containerPortal = 1826F1C21F84B7D3006EA496 /* Project object */;
			proxyType = 1;
			remoteGlobalIDString = 1826F1C91F84B7D3006EA496;
			remoteInfo = focusCountDown;
		};
/* End PBXContainerItemProxy section */

/* Begin PBXFileReference section */
		1826F1CA1F84B7D3006EA496 /* focusCountDown.app */ = {isa = PBXFileReference; explicitFileType = wrapper.application; includeInIndex = 0; path = focusCountDown.app; sourceTree = BUILT_PRODUCTS_DIR; };
		1826F1CD1F84B7D3006EA496 /* AppDelegate.swift */ = {isa = PBXFileReference; lastKnownFileType = sourcecode.swift; path = AppDelegate.swift; sourceTree = "<group>"; };
		1826F1CF1F84B7D3006EA496 /* ViewController.swift */ = {isa = PBXFileReference; lastKnownFileType = sourcecode.swift; path = ViewController.swift; sourceTree = "<group>"; };
		1826F1D21F84B7D3006EA496 /* Base */ = {isa = PBXFileReference; lastKnownFileType = file.storyboard; name = Base; path = Base.lproj/Main.storyboard; sourceTree = "<group>"; };
		1826F1D41F84B7D3006EA496 /* Assets.xcassets */ = {isa = PBXFileReference; lastKnownFileType = folder.assetcatalog; path = Assets.xcassets; sourceTree = "<group>"; };
		1826F1D71F84B7D3006EA496 /* Base */ = {isa = PBXFileReference; lastKnownFileType = file.storyboard; name = Base; path = Base.lproj/LaunchScreen.storyboard; sourceTree = "<group>"; };
		1826F1D91F84B7D3006EA496 /* Info.plist */ = {isa = PBXFileReference; lastKnownFileType = text.plist.xml; path = Info.plist; sourceTree = "<group>"; };
		1826F1DE1F84B7D3006EA496 /* focusCountDownTests.xctest */ = {isa = PBXFileReference; explicitFileType = wrapper.cfbundle; includeInIndex = 0; path = focusCountDownTests.xctest; sourceTree = BUILT_PRODUCTS_DIR; };
		1826F1E21F84B7D3006EA496 /* focusCountDownTests.swift */ = {isa = PBXFileReference; lastKnownFileType = sourcecode.swift; path = focusCountDownTests.swift; sourceTree = "<group>"; };
		1826F1E41F84B7D3006EA496 /* Info.plist */ = {isa = PBXFileReference; lastKnownFileType = text.plist.xml; path = Info.plist; sourceTree = "<group>"; };
		1826F1E91F84B7D3006EA496 /* focusCountDownUITests.xctest */ = {isa = PBXFileReference; explicitFileType = wrapper.cfbundle; includeInIndex = 0; path = focusCountDownUITests.xctest; sourceTree = BUILT_PRODUCTS_DIR; };
		1826F1ED1F84B7D3006EA496 /* focusCountDownUITests.swift */ = {isa = PBXFileReference; lastKnownFileType = sourcecode.swift; path = focusCountDownUITests.swift; sourceTree = "<group>"; };
		1826F1EF1F84B7D3006EA496 /* Info.plist */ = {isa = PBXFileReference; lastKnownFileType = text.plist.xml; path = Info.plist; sourceTree = "<group>"; };
/* End PBXFileReference section */

/* Begin PBXFrameworksBuildPhase section */
		1826F1C71F84B7D3006EA496 /* Frameworks */ = {
			isa = PBXFrameworksBuildPhase;
			buildActionMask = 2147483647;
			files = (
			);
			runOnlyForDeploymentPostprocessing = 0;
		};
		1826F1DB1F84B7D3006EA496 /* Frameworks */ = {
			isa = PBXFrameworksBuildPhase;
			buildActionMask = 2147483647;
			files = (
			);
			runOnlyForDeploymentPostprocessing = 0;
		};
		1826F1E61F84B7D3006EA496 /* Frameworks */ = {
			isa = PBXFrameworksBuildPhase;
			buildActionMask = 2147483647;
			files = (
			);
			runOnlyForDeploymentPostprocessing = 0;
		};
/* End PBXFrameworksBuildPhase section */

/* Begin PBXGroup section */
		1826F1C11F84B7D3006EA496 = {
			isa = PBXGroup;
			children = (
				1826F1CC1F84B7D3006EA496 /* focusCountDown */,
				1826F1E11F84B7D3006EA496 /* focusCountDownTests */,
				1826F1EC1F84B7D3006EA496 /* focusCountDownUITests */,
				1826F1CB1F84B7D3006EA496 /* Products */,
			);
			sourceTree = "<group>";
		};
		1826F1CB1F84B7D3006EA496 /* Products */ = {
			isa = PBXGroup;
			children = (
				1826F1CA1F84B7D3006EA496 /* focusCountDown.app */,
				1826F1DE1F84B7D3006EA496 /* focusCountDownTests.xctest */,
				1826F1E91F84B7D3006EA496 /* focusCountDownUITests.xctest */,
			);
			name = Products;
			sourceTree = "<group>";
		};
		1826F1CC1F84B7D3006EA496 /* focusCountDown */ = {
			isa = PBXGroup;
			children = (
				1826F1CD1F84B7D3006EA496 /* AppDelegate.swift */,
				1826F1CF1F84B7D3006EA496 /* ViewController.swift */,
				1826F1D11F84B7D3006EA496 /* Main.storyboard */,
				1826F1D41F84B7D3006EA496 /* Assets.xcassets */,
				1826F1D61F84B7D3006EA496 /* LaunchScreen.storyboard */,
				1826F1D91F84B7D3006EA496 /* Info.plist */,
			);
			path = focusCountDown;
			sourceTree = "<group>";
		};
		1826F1E11F84B7D3006EA496 /* focusCountDownTests */ = {
			isa = PBXGroup;
			children = (
				1826F1E21F84B7D3006EA496 /* focusCountDownTests.swift */,
				1826F1E41F84B7D3006EA496 /* Info.plist */,
			);
			path = focusCountDownTests;
			sourceTree = "<group>";
		};
		1826F1EC1F84B7D3006EA496 /* focusCountDownUITests */ = {
			isa = PBXGroup;
			children = (
				1826F1ED1F84B7D3006EA496 /* focusCountDownUITests.swift */,
				1826F1EF1F84B7D3006EA496 /* Info.plist */,
			);
			path = focusCountDownUITests;
			sourceTree = "<group>";
		};
/* End PBXGroup section */

/* Begin PBXNativeTarget section */
		1826F1C91F84B7D3006EA496 /* focusCountDown */ = {
			isa = PBXNativeTarget;
			buildConfigurationList = 1826F1F21F84B7D3006EA496 /* Build configuration list for PBXNativeTarget "focusCountDown" */;
			buildPhases = (
				1826F1C61F84B7D3006EA496 /* Sources */,
				1826F1C71F84B7D3006EA496 /* Frameworks */,
				1826F1C81F84B7D3006EA496 /* Resources */,
			);
			buildRules = (
			);
			dependencies = (
			);
			name = focusCountDown;
			productName = focusCountDown;
			productReference = 1826F1CA1F84B7D3006EA496 /* focusCountDown.app */;
			productType = "com.apple.product-type.application";
		};
		1826F1DD1F84B7D3006EA496 /* focusCountDownTests */ = {
			isa = PBXNativeTarget;
			buildConfigurationList = 1826F1F51F84B7D3006EA496 /* Build configuration list for PBXNativeTarget "focusCountDownTests" */;
			buildPhases = (
				1826F1DA1F84B7D3006EA496 /* Sources */,
				1826F1DB1F84B7D3006EA496 /* Frameworks */,
				1826F1DC1F84B7D3006EA496 /* Resources */,
			);
			buildRules = (
			);
			dependencies = (
				1826F1E01F84B7D3006EA496 /* PBXTargetDependency */,
			);
			name = focusCountDownTests;
			productName = focusCountDownTests;
			productReference = 1826F1DE1F84B7D3006EA496 /* focusCountDownTests.xctest */;
			productType = "com.apple.product-type.bundle.unit-test";
		};
		1826F1E81F84B7D3006EA496 /* focusCountDownUITests */ = {
			isa = PBXNativeTarget;
			buildConfigurationList = 1826F1F81F84B7D3006EA496 /* Build configuration list for PBXNativeTarget "focusCountDownUITests" */;
			buildPhases = (
				1826F1E51F84B7D3006EA496 /* Sources */,
				1826F1E61F84B7D3006EA496 /* Frameworks */,
				1826F1E71F84B7D3006EA496 /* Resources */,
			);
			buildRules = (
			);
			dependencies = (
				1826F1EB1F84B7D3006EA496 /* PBXTargetDependency */,
			);
			name = focusCountDownUITests;
			productName = focusCountDownUITests;
			productReference = 1826F1E91F84B7D3006EA496 /* focusCountDownUITests.xctest */;
			productType = "com.apple.product-type.bundle.ui-testing";
		};
/* End PBXNativeTarget section */

/* Begin PBXProject section */
		1826F1C21F84B7D3006EA496 /* Project object */ = {
			isa = PBXProject;
			attributes = {
				LastSwiftUpdateCheck = 0830;
				LastUpgradeCheck = 0830;
				ORGANIZATIONNAME = Kugim;
				TargetAttributes = {
					1826F1C91F84B7D3006EA496 = {
						CreatedOnToolsVersion = 8.3.3;
						ProvisioningStyle = Automatic;
					};
					1826F1DD1F84B7D3006EA496 = {
						CreatedOnToolsVersion = 8.3.3;
						ProvisioningStyle = Automatic;
						TestTargetID = 1826F1C91F84B7D3006EA496;
					};
					1826F1E81F84B7D3006EA496 = {
						CreatedOnToolsVersion = 8.3.3;
						ProvisioningStyle = Automatic;
						TestTargetID = 1826F1C91F84B7D3006EA496;
					};
				};
			};
			buildConfigurationList = 1826F1C51F84B7D3006EA496 /* Build configuration list for PBXProject "focusCountDown" */;
			compatibilityVersion = "Xcode 3.2";
			developmentRegion = English;
			hasScannedForEncodings = 0;
			knownRegions = (
				en,
				Base,
			);
			mainGroup = 1826F1C11F84B7D3006EA496;
			productRefGroup = 1826F1CB1F84B7D3006EA496 /* Products */;
			projectDirPath = "";
			projectRoot = "";
			targets = (
				1826F1C91F84B7D3006EA496 /* focusCountDown */,
				1826F1DD1F84B7D3006EA496 /* focusCountDownTests */,
				1826F1E81F84B7D3006EA496 /* focusCountDownUITests */,
			);
		};
/* End PBXProject section */

/* Begin PBXResourcesBuildPhase section */
		1826F1C81F84B7D3006EA496 /* Resources */ = {
			isa = PBXResourcesBuildPhase;
			buildActionMask = 2147483647;
			files = (
				1826F1D81F84B7D3006EA496 /* LaunchScreen.storyboard in Resources */,
				1826F1D51F84B7D3006EA496 /* Assets.xcassets in Resources */,
				1826F1D31F84B7D3006EA496 /* Main.storyboard in Resources */,
			);
			runOnlyForDeploymentPostprocessing = 0;
		};
		1826F1DC1F84B7D3006EA496 /* Resources */ = {
			isa = PBXResourcesBuildPhase;
			buildActionMask = 2147483647;
			files = (
			);
			runOnlyForDeploymentPostprocessing = 0;
		};
		1826F1E71F84B7D3006EA496 /* Resources */ = {
			isa = PBXResourcesBuildPhase;
			buildActionMask = 2147483647;
			files = (
			);
			runOnlyForDeploymentPostprocessing = 0;
		};
/* End PBXResourcesBuildPhase section */

/* Begin PBXSourcesBuildPhase section */
		1826F1C61F84B7D3006EA496 /* Sources */ = {
			isa = PBXSourcesBuildPhase;
			buildActionMask = 2147483647;
			files = (
				1826F1D01F84B7D3006EA496 /* ViewController.swift in Sources */,
				1826F1CE1F84B7D3006EA496 /* AppDelegate.swift in Sources */,
			);
			runOnlyForDeploymentPostprocessing = 0;
		};
		1826F1DA1F84B7D3006EA496 /* Sources */ = {
			isa = PBXSourcesBuildPhase;
			buildActionMask = 2147483647;
			files = (
				1826F1E31F84B7D3006EA496 /* focusCountDownTests.swift in Sources */,
			);
			runOnlyForDeploymentPostprocessing = 0;
		};
		1826F1E51F84B7D3006EA496 /* Sources */ = {
			isa = PBXSourcesBuildPhase;
			buildActionMask = 2147483647;
			files = (
				1826F1EE1F84B7D3006EA496 /* focusCountDownUITests.swift in Sources */,
			);
			runOnlyForDeploymentPostprocessing = 0;
		};
/* End PBXSourcesBuildPhase section */

/* Begin PBXTargetDependency section */
		1826F1E01F84B7D3006EA496 /* PBXTargetDependency */ = {
			isa = PBXTargetDependency;
			target = 1826F1C91F84B7D3006EA496 /* focusCountDown */;
			targetProxy = 1826F1DF1F84B7D3006EA496 /* PBXContainerItemProxy */;
		};
		1826F1EB1F84B7D3006EA496 /* PBXTargetDependency */ = {
			isa = PBXTargetDependency;
			target = 1826F1C91F84B7D3006EA496 /* focusCountDown */;
			targetProxy = 1826F1EA1F84B7D3006EA496 /* PBXContainerItemProxy */;
		};
/* End PBXTargetDependency section */

/* Begin PBXVariantGroup section */
		1826F1D11F84B7D3006EA496 /* Main.storyboard */ = {
			isa = PBXVariantGroup;
			children = (
				1826F1D21F84B7D3006EA496 /* Base */,
			);
			name = Main.storyboard;
			sourceTree = "<group>";
		};
		1826F1D61F84B7D3006EA496 /* LaunchScreen.storyboard */ = {
			isa = PBXVariantGroup;
			children = (
				1826F1D71F84B7D3006EA496 /* Base */,
			);
			name = LaunchScreen.storyboard;
			sourceTree = "<group>";
		};
/* End PBXVariantGroup section */

/* Begin XCBuildConfiguration section */
		1826F1F01F84B7D3006EA496 /* Debug */ = {
			isa = XCBuildConfiguration;
			buildSettings = {
				ALWAYS_SEARCH_USER_PATHS = NO;
				CLANG_ANALYZER_NONNULL = YES;
				CLANG_ANALYZER_NUMBER_OBJECT_CONVERSION = YES_AGGRESSIVE;
				CLANG_CXX_LANGUAGE_STANDARD = "gnu++0x";
				CLANG_CXX_LIBRARY = "libc++";
				CLANG_ENABLE_MODULES = YES;
				CLANG_ENABLE_OBJC_ARC = YES;
				CLANG_WARN_BOOL_CONVERSION = YES;
				CLANG_WARN_CONSTANT_CONVERSION = YES;
				CLANG_WARN_DIRECT_OBJC_ISA_USAGE = YES_ERROR;
				CLANG_WARN_DOCUMENTATION_COMMENTS = YES;
				CLANG_WARN_EMPTY_BODY = YES;
				CLANG_WARN_ENUM_CONVERSION = YES;
				CLANG_WARN_INFINITE_RECURSION = YES;
				CLANG_WARN_INT_CONVERSION = YES;
				CLANG_WARN_OBJC_ROOT_CLASS = YES_ERROR;
				CLANG_WARN_SUSPICIOUS_MOVE = YES;
				CLANG_WARN_UNREACHABLE_CODE = YES;
				CLANG_WARN__DUPLICATE_METHOD_MATCH = YES;
				"CODE_SIGN_IDENTITY[sdk=iphoneos*]" = "iPhone Developer";
				COPY_PHASE_STRIP = NO;
				DEBUG_INFORMATION_FORMAT = dwarf;
				ENABLE_STRICT_OBJC_MSGSEND = YES;
				ENABLE_TESTABILITY = YES;
				GCC_C_LANGUAGE_STANDARD = gnu99;
				GCC_DYNAMIC_NO_PIC = NO;
				GCC_NO_COMMON_BLOCKS = YES;
				GCC_OPTIMIZATION_LEVEL = 0;
				GCC_PREPROCESSOR_DEFINITIONS = (
					"DEBUG=1",
					"$(inherited)",
				);
				GCC_WARN_64_TO_32_BIT_CONVERSION = YES;
				GCC_WARN_ABOUT_RETURN_TYPE = YES_ERROR;
				GCC_WARN_UNDECLARED_SELECTOR = YES;
				GCC_WARN_UNINITIALIZED_AUTOS = YES_AGGRESSIVE;
				GCC_WARN_UNUSED_FUNCTION = YES;
				GCC_WARN_UNUSED_VARIABLE = YES;
				IPHONEOS_DEPLOYMENT_TARGET = 10.3;
				MTL_ENABLE_DEBUG_INFO = YES;
				ONLY_ACTIVE_ARCH = YES;
				SDKROOT = iphoneos;
				SWIFT_ACTIVE_COMPILATION_CONDITIONS = DEBUG;
				SWIFT_OPTIMIZATION_LEVEL = "-Onone";
				TARGETED_DEVICE_FAMILY = "1,2";
			};
			name = Debug;
		};
		1826F1F11F84B7D3006EA496 /* Release */ = {
			isa = XCBuildConfiguration;
			buildSettings = {
				ALWAYS_SEARCH_USER_PATHS = NO;
				CLANG_ANALYZER_NONNULL = YES;
				CLANG_ANALYZER_NUMBER_OBJECT_CONVERSION = YES_AGGRESSIVE;
				CLANG_CXX_LANGUAGE_STANDARD = "gnu++0x";
				CLANG_CXX_LIBRARY = "libc++";
				CLANG_ENABLE_MODULES = YES;
				CLANG_ENABLE_OBJC_ARC = YES;
				CLANG_WARN_BOOL_CONVERSION = YES;
				CLANG_WARN_CONSTANT_CONVERSION = YES;
				CLANG_WARN_DIRECT_OBJC_ISA_USAGE = YES_ERROR;
				CLANG_WARN_DOCUMENTATION_COMMENTS = YES;
				CLANG_WARN_EMPTY_BODY = YES;
				CLANG_WARN_ENUM_CONVERSION = YES;
				CLANG_WARN_INFINITE_RECURSION = YES;
				CLANG_WARN_INT_CONVERSION = YES;
				CLANG_WARN_OBJC_ROOT_CLASS = YES_ERROR;
				CLANG_WARN_SUSPICIOUS_MOVE = YES;
				CLANG_WARN_UNREACHABLE_CODE = YES;
				CLANG_WARN__DUPLICATE_METHOD_MATCH = YES;
				"CODE_SIGN_IDENTITY[sdk=iphoneos*]" = "iPhone Developer";
				COPY_PHASE_STRIP = NO;
				DEBUG_INFORMATION_FORMAT = "dwarf-with-dsym";
				ENABLE_NS_ASSERTIONS = NO;
				ENABLE_STRICT_OBJC_MSGSEND = YES;
				GCC_C_LANGUAGE_STANDARD = gnu99;
				GCC_NO_COMMON_BLOCKS = YES;
				GCC_WARN_64_TO_32_BIT_CONVERSION = YES;
				GCC_WARN_ABOUT_RETURN_TYPE = YES_ERROR;
				GCC_WARN_UNDECLARED_SELECTOR = YES;
				GCC_WARN_UNINITIALIZED_AUTOS = YES_AGGRESSIVE;
				GCC_WARN_UNUSED_FUNCTION = YES;
				GCC_WARN_UNUSED_VARIABLE = YES;
				IPHONEOS_DEPLOYMENT_TARGET = 10.3;
				MTL_ENABLE_DEBUG_INFO = NO;
				SDKROOT = iphoneos;
				SWIFT_OPTIMIZATION_LEVEL = "-Owholemodule";
				TARGETED_DEVICE_FAMILY = "1,2";
				VALIDATE_PRODUCT = YES;
			};
			name = Release;
		};
		1826F1F31F84B7D3006EA496 /* Debug */ = {
			isa = XCBuildConfiguration;
			buildSettings = {
				ASSETCATALOG_COMPILER_APPICON_NAME = AppIcon;
				INFOPLIST_FILE = focusCountDown/Info.plist;
				LD_RUNPATH_SEARCH_PATHS = "$(inherited) @executable_path/Frameworks";
				PRODUCT_BUNDLE_IDENTIFIER = com.Kugimios.focusCountDown;
				PRODUCT_NAME = "$(TARGET_NAME)";
				SWIFT_VERSION = 3.0;
			};
			name = Debug;
		};
		1826F1F41F84B7D3006EA496 /* Release */ = {
			isa = XCBuildConfiguration;
			buildSettings = {
				ASSETCATALOG_COMPILER_APPICON_NAME = AppIcon;
				INFOPLIST_FILE = focusCountDown/Info.plist;
				LD_RUNPATH_SEARCH_PATHS = "$(inherited) @executable_path/Frameworks";
				PRODUCT_BUNDLE_IDENTIFIER = com.Kugimios.focusCountDown;
				PRODUCT_NAME = "$(TARGET_NAME)";
				SWIFT_VERSION = 3.0;
			};
			name = Release;
		};
		1826F1F61F84B7D3006EA496 /* Debug */ = {
			isa = XCBuildConfiguration;
			buildSettings = {
				ALWAYS_EMBED_SWIFT_STANDARD_LIBRARIES = YES;
				BUNDLE_LOADER = "$(TEST_HOST)";
				INFOPLIST_FILE = focusCountDownTests/Info.plist;
				LD_RUNPATH_SEARCH_PATHS = "$(inherited) @executable_path/Frameworks @loader_path/Frameworks";
				PRODUCT_BUNDLE_IDENTIFIER = com.Kugimios.focusCountDownTests;
				PRODUCT_NAME = "$(TARGET_NAME)";
				SWIFT_VERSION = 3.0;
				TEST_HOST = "$(BUILT_PRODUCTS_DIR)/focusCountDown.app/focusCountDown";
			};
			name = Debug;
		};
		1826F1F71F84B7D3006EA496 /* Release */ = {
			isa = XCBuildConfiguration;
			buildSettings = {
				ALWAYS_EMBED_SWIFT_STANDARD_LIBRARIES = YES;
				BUNDLE_LOADER = "$(TEST_HOST)";
				INFOPLIST_FILE = focusCountDownTests/Info.plist;
				LD_RUNPATH_SEARCH_PATHS = "$(inherited) @executable_path/Frameworks @loader_path/Frameworks";
				PRODUCT_BUNDLE_IDENTIFIER = com.Kugimios.focusCountDownTests;
				PRODUCT_NAME = "$(TARGET_NAME)";
				SWIFT_VERSION = 3.0;
				TEST_HOST = "$(BUILT_PRODUCTS_DIR)/focusCountDown.app/focusCountDown";
			};
			name = Release;
		};
		1826F1F91F84B7D3006EA496 /* Debug */ = {
			isa = XCBuildConfiguration;
			buildSettings = {
				ALWAYS_EMBED_SWIFT_STANDARD_LIBRARIES = YES;
				INFOPLIST_FILE = focusCountDownUITests/Info.plist;
				LD_RUNPATH_SEARCH_PATHS = "$(inherited) @executable_path/Frameworks @loader_path/Frameworks";
				PRODUCT_BUNDLE_IDENTIFIER = com.Kugimios.focusCountDownUITests;
				PRODUCT_NAME = "$(TARGET_NAME)";
				SWIFT_VERSION = 3.0;
				TEST_TARGET_NAME = focusCountDown;
			};
			name = Debug;
		};
		1826F1FA1F84B7D3006EA496 /* Release */ = {
			isa = XCBuildConfiguration;
			buildSettings = {
				ALWAYS_EMBED_SWIFT_STANDARD_LIBRARIES = YES;
				INFOPLIST_FILE = focusCountDownUITests/Info.plist;
				LD_RUNPATH_SEARCH_PATHS = "$(inherited) @executable_path/Frameworks @loader_path/Frameworks";
				PRODUCT_BUNDLE_IDENTIFIER = com.Kugimios.focusCountDownUITests;
				PRODUCT_NAME = "$(TARGET_NAME)";
				SWIFT_VERSION = 3.0;
				TEST_TARGET_NAME = focusCountDown;
			};
			name = Release;
		};
/* End XCBuildConfiguration section */

/* Begin XCConfigurationList section */
		1826F1C51F84B7D3006EA496 /* Build configuration list for PBXProject "focusCountDown" */ = {
			isa = XCConfigurationList;
			buildConfigurations = (
				1826F1F01F84B7D3006EA496 /* Debug */,
				1826F1F11F84B7D3006EA496 /* Release */,
			);
			defaultConfigurationIsVisible = 0;
			defaultConfigurationName = Release;
		};
		1826F1F21F84B7D3006EA496 /* Build configuration list for PBXNativeTarget "focusCountDown" */ = {
			isa = XCConfigurationList;
			buildConfigurations = (
				1826F1F31F84B7D3006EA496 /* Debug */,
				1826F1F41F84B7D3006EA496 /* Release */,
			);
			defaultConfigurationIsVisible = 0;
		};
		1826F1F51F84B7D3006EA496 /* Build configuration list for PBXNativeTarget "focusCountDownTests" */ = {
			isa = XCConfigurationList;
			buildConfigurations = (
				1826F1F61F84B7D3006EA496 /* Debug */,
				1826F1F71F84B7D3006EA496 /* Release */,
			);
			defaultConfigurationIsVisible = 0;
		};
		1826F1F81F84B7D3006EA496 /* Build configuration list for PBXNativeTarget "focusCountDownUITests" */ = {
			isa = XCConfigurationList;
			buildConfigurations = (
				1826F1F91F84B7D3006EA496 /* Debug */,
				1826F1FA1F84B7D3006EA496 /* Release */,
			);
			defaultConfigurationIsVisible = 0;
		};
/* End XCConfigurationList section */
	};
	rootObject = 1826F1C21F84B7D3006EA496 /* Project object */;
}
